
Microsoft Visual Studio Solution File, Format Version 12.00
# Visual Studio Version 17
VisualStudioVersion = 17.5.33516.290
MinimumVisualStudioVersion = 10.0.40219.1
Project("{FAE04EC0-301F-11D3-BF4B-00C04F79EFBC}") = "Curso.API", "src\Curso.API\Curso.API.csproj", "{C4E76E4E-A6AB-4684-9B2A-277C54E5F3C9}"
EndProject
Project("{FAE04EC0-301F-11D3-BF4B-00C04F79EFBC}") = "Curso.Infra", "src\Curso.INFRA\Curso.Infra.csproj", "{CAEA0D6A-DA69-4EB0-9233-E04E4C9CF065}"
EndProject
Project("{FAE04EC0-301F-11D3-BF4B-00C04F79EFBC}") = "Curso.Domain", "src\Curso.DOMAIN\Curso.Domain.csproj", "{B19780B4-2909-4C6B-9DF1-EB5369BA8E6F}"
EndProject
Global
	GlobalSection(SolutionConfigurationPlatforms) = preSolution
		Debug|Any CPU = Debug|Any CPU
		Release|Any CPU = Release|Any CPU
	EndGlobalSection
	GlobalSection(ProjectConfigurationPlatforms) = postSolution
		{C4E76E4E-A6AB-4684-9B2A-277C54E5F3C9}.Debug|Any CPU.ActiveCfg = Debug|Any CPU
		{C4E76E4E-A6AB-4684-9B2A-277C54E5F3C9}.Debug|Any CPU.Build.0 = Debug|Any CPU
		{C4E76E4E-A6AB-4684-9B2A-277C54E5F3C9}.Release|Any CPU.ActiveCfg = Release|Any CPU
		{C4E76E4E-A6AB-4684-9B2A-277C54E5F3C9}.Release|Any CPU.Build.0 = Release|Any CPU
		{CAEA0D6A-DA69-4EB0-9233-E04E4C9CF065}.Debug|Any CPU.ActiveCfg = Debug|Any CPU
		{CAEA0D6A-DA69-4EB0-9233-E04E4C9CF065}.Debug|Any CPU.Build.0 = Debug|Any CPU
		{CAEA0D6A-DA69-4EB0-9233-E04E4C9CF065}.Release|Any CPU.ActiveCfg = Release|Any CPU
		{CAEA0D6A-DA69-4EB0-9233-E04E4C9CF065}.Release|Any CPU.Build.0 = Release|Any CPU
		{B19780B4-2909-4C6B-9DF1-EB5369BA8E6F}.Debug|Any CPU.ActiveCfg = Debug|Any CPU
		{B19780B4-2909-4C6B-9DF1-EB5369BA8E6F}.Debug|Any CPU.Build.0 = Debug|Any CPU
		{B19780B4-2909-4C6B-9DF1-EB5369BA8E6F}.Release|Any CPU.ActiveCfg = Release|Any CPU
		{B19780B4-2909-4C6B-9DF1-EB5369BA8E6F}.Release|Any CPU.Build.0 = Release|Any CPU
	EndGlobalSection
	GlobalSection(SolutionProperties) = preSolution
		HideSolutionNode = FALSE
	EndGlobalSection
	GlobalSection(ExtensibilityGlobals) = postSolution
		SolutionGuid = {D5613C1D-0FC7-49FD-9298-CB7FF7F0C40B}
	EndGlobalSection
EndGlobal
